
Microsoft Visual Studio Solution File, Format Version 12.00
# Visual Studio 15
VisualStudioVersion = 15.0.28307.106
MinimumVisualStudioVersion = 10.0.40219.1
Project("{FAE04EC0-301F-11D3-BF4B-00C04F79EFBC}") = "SuffixTree", "SuffixTree\SuffixTree.csproj", "{47E0DDD2-AC33-47BF-A560-7405DEB3E3CF}"
EndProject
Project("{FAE04EC0-301F-11D3-BF4B-00C04F79EFBC}") = "SuffixTree.Tests", "SuffixTree.Tests\SuffixTree.Tests.csproj", "{4DA29E2B-FCC5-414F-BCBC-64F570515CE7}"
EndProject
Project("{FAE04EC0-301F-11D3-BF4B-00C04F79EFBC}") = "SuffixTree.Console", "SuffixTree.Console\SuffixTree.Console.csproj", "{55F658F5-963A-47C0-9D0B-7629BBCC4402}"
EndProject
Project("{FAE04EC0-301F-11D3-BF4B-00C04F79EFBC}") = "SuffixTree.Benchmarks", "SuffixTree.Benchmarks\SuffixTree.Benchmarks.csproj", "{1D84E2DB-8517-4C0B-8DA6-A48931BE5D70}"
EndProject
Project("{FAE04EC0-301F-11D3-BF4B-00C04F79EFBC}") = "SuffixTree.Genomics", "SuffixTree.Genomics\SuffixTree.Genomics.csproj", "{6F1B1649-6270-4AFF-B86F-A2125DDAFD2A}"
EndProject
Project("{FAE04EC0-301F-11D3-BF4B-00C04F79EFBC}") = "SuffixTree.Genomics.Tests", "SuffixTree.Genomics.Tests\SuffixTree.Genomics.Tests.csproj", "{C7ED0559-CA2F-4526-844E-F07D3135F5FE}"
EndProject
Project("{FAE04EC0-301F-11D3-BF4B-00C04F79EFBC}") = "SuffixTree.Mcp.Core", "SuffixTree.Mcp.Core\SuffixTree.Mcp.Core.csproj", "{A316316B-45B5-468B-A754-ED44C4AEC4C6}"
EndProject
Project("{FAE04EC0-301F-11D3-BF4B-00C04F79EFBC}") = "SuffixTree.Mcp.Core.Tests", "SuffixTree.Mcp.Core.Tests\SuffixTree.Mcp.Core.Tests.csproj", "{2635BBDF-1331-4975-9E59-BEA62885095A}"
EndProject
Project("{FAE04EC0-301F-11D3-BF4B-00C04F79EFBC}") = "SuffixTree.Mcp.Sequence", "SuffixTree.Mcp.Sequence\SuffixTree.Mcp.Sequence.csproj", "{EF320F1A-216F-4650-9103-B56DD7F72716}"
EndProject
Project("{FAE04EC0-301F-11D3-BF4B-00C04F79EFBC}") = "SuffixTree.Mcp.Sequence.Tests", "SuffixTree.Mcp.Sequence.Tests\SuffixTree.Mcp.Sequence.Tests.csproj", "{FE290F73-0328-420F-BEB3-35248FA16C89}"
EndProject
Project("{FAE04EC0-301F-11D3-BF4B-00C04F79EFBC}") = "SuffixTree.Mcp.Parsers", "SuffixTree.Mcp.Parsers\SuffixTree.Mcp.Parsers.csproj", "{4871A797-FA5C-43FD-9698-5BDB289CF14F}"
EndProject
Project("{FAE04EC0-301F-11D3-BF4B-00C04F79EFBC}") = "SuffixTree.Mcp.Parsers.Tests", "SuffixTree.Mcp.Parsers.Tests\SuffixTree.Mcp.Parsers.Tests.csproj", "{4E970B7D-B686-4FD4-8444-04FF2D34E171}"
EndProject
Global
	GlobalSection(SolutionConfigurationPlatforms) = preSolution
		Debug|Any CPU = Debug|Any CPU
		Debug|x64 = Debug|x64
		Debug|x86 = Debug|x86
		Release|Any CPU = Release|Any CPU
		Release|x64 = Release|x64
		Release|x86 = Release|x86
	EndGlobalSection
	GlobalSection(ProjectConfigurationPlatforms) = postSolution
		{47E0DDD2-AC33-47BF-A560-7405DEB3E3CF}.Debug|Any CPU.ActiveCfg = Debug|Any CPU
		{47E0DDD2-AC33-47BF-A560-7405DEB3E3CF}.Debug|Any CPU.Build.0 = Debug|Any CPU
		{47E0DDD2-AC33-47BF-A560-7405DEB3E3CF}.Debug|x64.ActiveCfg = Debug|Any CPU
		{47E0DDD2-AC33-47BF-A560-7405DEB3E3CF}.Debug|x64.Build.0 = Debug|Any CPU
		{47E0DDD2-AC33-47BF-A560-7405DEB3E3CF}.Debug|x86.ActiveCfg = Debug|Any CPU
		{47E0DDD2-AC33-47BF-A560-7405DEB3E3CF}.Debug|x86.Build.0 = Debug|Any CPU
		{47E0DDD2-AC33-47BF-A560-7405DEB3E3CF}.Release|Any CPU.ActiveCfg = Release|Any CPU
		{47E0DDD2-AC33-47BF-A560-7405DEB3E3CF}.Release|Any CPU.Build.0 = Release|Any CPU
		{47E0DDD2-AC33-47BF-A560-7405DEB3E3CF}.Release|x64.ActiveCfg = Release|Any CPU
		{47E0DDD2-AC33-47BF-A560-7405DEB3E3CF}.Release|x64.Build.0 = Release|Any CPU
		{47E0DDD2-AC33-47BF-A560-7405DEB3E3CF}.Release|x86.ActiveCfg = Release|Any CPU
		{47E0DDD2-AC33-47BF-A560-7405DEB3E3CF}.Release|x86.Build.0 = Release|Any CPU
		{4DA29E2B-FCC5-414F-BCBC-64F570515CE7}.Debug|Any CPU.ActiveCfg = Debug|Any CPU
		{4DA29E2B-FCC5-414F-BCBC-64F570515CE7}.Debug|Any CPU.Build.0 = Debug|Any CPU
		{4DA29E2B-FCC5-414F-BCBC-64F570515CE7}.Debug|x64.ActiveCfg = Debug|Any CPU
		{4DA29E2B-FCC5-414F-BCBC-64F570515CE7}.Debug|x64.Build.0 = Debug|Any CPU
		{4DA29E2B-FCC5-414F-BCBC-64F570515CE7}.Debug|x86.ActiveCfg = Debug|Any CPU
		{4DA29E2B-FCC5-414F-BCBC-64F570515CE7}.Debug|x86.Build.0 = Debug|Any CPU
		{4DA29E2B-FCC5-414F-BCBC-64F570515CE7}.Release|Any CPU.ActiveCfg = Release|Any CPU
		{4DA29E2B-FCC5-414F-BCBC-64F570515CE7}.Release|Any CPU.Build.0 = Release|Any CPU
		{4DA29E2B-FCC5-414F-BCBC-64F570515CE7}.Release|x64.ActiveCfg = Release|Any CPU
		{4DA29E2B-FCC5-414F-BCBC-64F570515CE7}.Release|x64.Build.0 = Release|Any CPU
		{4DA29E2B-FCC5-414F-BCBC-64F570515CE7}.Release|x86.ActiveCfg = Release|Any CPU
		{4DA29E2B-FCC5-414F-BCBC-64F570515CE7}.Release|x86.Build.0 = Release|Any CPU
		{55F658F5-963A-47C0-9D0B-7629BBCC4402}.Debug|Any CPU.ActiveCfg = Debug|Any CPU
		{55F658F5-963A-47C0-9D0B-7629BBCC4402}.Debug|Any CPU.Build.0 = Debug|Any CPU
		{55F658F5-963A-47C0-9D0B-7629BBCC4402}.Debug|x64.ActiveCfg = Debug|Any CPU
		{55F658F5-963A-47C0-9D0B-7629BBCC4402}.Debug|x64.Build.0 = Debug|Any CPU
		{55F658F5-963A-47C0-9D0B-7629BBCC4402}.Debug|x86.ActiveCfg = Debug|Any CPU
		{55F658F5-963A-47C0-9D0B-7629BBCC4402}.Debug|x86.Build.0 = Debug|Any CPU
		{55F658F5-963A-47C0-9D0B-7629BBCC4402}.Release|Any CPU.ActiveCfg = Release|Any CPU
		{55F658F5-963A-47C0-9D0B-7629BBCC4402}.Release|Any CPU.Build.0 = Release|Any CPU
		{55F658F5-963A-47C0-9D0B-7629BBCC4402}.Release|x64.ActiveCfg = Release|Any CPU
		{55F658F5-963A-47C0-9D0B-7629BBCC4402}.Release|x64.Build.0 = Release|Any CPU
		{55F658F5-963A-47C0-9D0B-7629BBCC4402}.Release|x86.ActiveCfg = Release|Any CPU
		{55F658F5-963A-47C0-9D0B-7629BBCC4402}.Release|x86.Build.0 = Release|Any CPU
		{1D84E2DB-8517-4C0B-8DA6-A48931BE5D70}.Debug|Any CPU.ActiveCfg = Debug|Any CPU
		{1D84E2DB-8517-4C0B-8DA6-A48931BE5D70}.Debug|Any CPU.Build.0 = Debug|Any CPU
		{1D84E2DB-8517-4C0B-8DA6-A48931BE5D70}.Debug|x64.ActiveCfg = Debug|Any CPU
		{1D84E2DB-8517-4C0B-8DA6-A48931BE5D70}.Debug|x64.Build.0 = Debug|Any CPU
		{1D84E2DB-8517-4C0B-8DA6-A48931BE5D70}.Debug|x86.ActiveCfg = Debug|Any CPU
		{1D84E2DB-8517-4C0B-8DA6-A48931BE5D70}.Debug|x86.Build.0 = Debug|Any CPU
		{1D84E2DB-8517-4C0B-8DA6-A48931BE5D70}.Release|Any CPU.ActiveCfg = Release|Any CPU
		{1D84E2DB-8517-4C0B-8DA6-A48931BE5D70}.Release|Any CPU.Build.0 = Release|Any CPU
		{1D84E2DB-8517-4C0B-8DA6-A48931BE5D70}.Release|x64.ActiveCfg = Release|Any CPU
		{1D84E2DB-8517-4C0B-8DA6-A48931BE5D70}.Release|x64.Build.0 = Release|Any CPU
		{1D84E2DB-8517-4C0B-8DA6-A48931BE5D70}.Release|x86.ActiveCfg = Release|Any CPU
		{1D84E2DB-8517-4C0B-8DA6-A48931BE5D70}.Release|x86.Build.0 = Release|Any CPU
		{6F1B1649-6270-4AFF-B86F-A2125DDAFD2A}.Debug|Any CPU.ActiveCfg = Debug|Any CPU
		{6F1B1649-6270-4AFF-B86F-A2125DDAFD2A}.Debug|Any CPU.Build.0 = Debug|Any CPU
		{6F1B1649-6270-4AFF-B86F-A2125DDAFD2A}.Debug|x64.ActiveCfg = Debug|Any CPU
		{6F1B1649-6270-4AFF-B86F-A2125DDAFD2A}.Debug|x64.Build.0 = Debug|Any CPU
		{6F1B1649-6270-4AFF-B86F-A2125DDAFD2A}.Debug|x86.ActiveCfg = Debug|Any CPU
		{6F1B1649-6270-4AFF-B86F-A2125DDAFD2A}.Debug|x86.Build.0 = Debug|Any CPU
		{6F1B1649-6270-4AFF-B86F-A2125DDAFD2A}.Release|Any CPU.ActiveCfg = Release|Any CPU
		{6F1B1649-6270-4AFF-B86F-A2125DDAFD2A}.Release|Any CPU.Build.0 = Release|Any CPU
		{6F1B1649-6270-4AFF-B86F-A2125DDAFD2A}.Release|x64.ActiveCfg = Release|Any CPU
		{6F1B1649-6270-4AFF-B86F-A2125DDAFD2A}.Release|x64.Build.0 = Release|Any CPU
		{6F1B1649-6270-4AFF-B86F-A2125DDAFD2A}.Release|x86.ActiveCfg = Release|Any CPU
		{6F1B1649-6270-4AFF-B86F-A2125DDAFD2A}.Release|x86.Build.0 = Release|Any CPU
		{C7ED0559-CA2F-4526-844E-F07D3135F5FE}.Debug|Any CPU.ActiveCfg = Debug|Any CPU
		{C7ED0559-CA2F-4526-844E-F07D3135F5FE}.Debug|Any CPU.Build.0 = Debug|Any CPU
		{C7ED0559-CA2F-4526-844E-F07D3135F5FE}.Debug|x64.ActiveCfg = Debug|Any CPU
		{C7ED0559-CA2F-4526-844E-F07D3135F5FE}.Debug|x64.Build.0 = Debug|Any CPU
		{C7ED0559-CA2F-4526-844E-F07D3135F5FE}.Debug|x86.ActiveCfg = Debug|Any CPU
		{C7ED0559-CA2F-4526-844E-F07D3135F5FE}.Debug|x86.Build.0 = Debug|Any CPU
		{C7ED0559-CA2F-4526-844E-F07D3135F5FE}.Release|Any CPU.ActiveCfg = Release|Any CPU
		{C7ED0559-CA2F-4526-844E-F07D3135F5FE}.Release|Any CPU.Build.0 = Release|Any CPU
		{C7ED0559-CA2F-4526-844E-F07D3135F5FE}.Release|x64.ActiveCfg = Release|Any CPU
		{C7ED0559-CA2F-4526-844E-F07D3135F5FE}.Release|x64.Build.0 = Release|Any CPU
		{C7ED0559-CA2F-4526-844E-F07D3135F5FE}.Release|x86.ActiveCfg = Release|Any CPU
		{C7ED0559-CA2F-4526-844E-F07D3135F5FE}.Release|x86.Build.0 = Release|Any CPU
		{A316316B-45B5-468B-A754-ED44C4AEC4C6}.Debug|Any CPU.ActiveCfg = Debug|Any CPU
		{A316316B-45B5-468B-A754-ED44C4AEC4C6}.Debug|Any CPU.Build.0 = Debug|Any CPU
		{A316316B-45B5-468B-A754-ED44C4AEC4C6}.Debug|x64.ActiveCfg = Debug|Any CPU
		{A316316B-45B5-468B-A754-ED44C4AEC4C6}.Debug|x64.Build.0 = Debug|Any CPU
		{A316316B-45B5-468B-A754-ED44C4AEC4C6}.Debug|x86.ActiveCfg = Debug|Any CPU
		{A316316B-45B5-468B-A754-ED44C4AEC4C6}.Debug|x86.Build.0 = Debug|Any CPU
		{A316316B-45B5-468B-A754-ED44C4AEC4C6}.Release|Any CPU.ActiveCfg = Release|Any CPU
		{A316316B-45B5-468B-A754-ED44C4AEC4C6}.Release|Any CPU.Build.0 = Release|Any CPU
		{A316316B-45B5-468B-A754-ED44C4AEC4C6}.Release|x64.ActiveCfg = Release|Any CPU
		{A316316B-45B5-468B-A754-ED44C4AEC4C6}.Release|x64.Build.0 = Release|Any CPU
		{A316316B-45B5-468B-A754-ED44C4AEC4C6}.Release|x86.ActiveCfg = Release|Any CPU
		{A316316B-45B5-468B-A754-ED44C4AEC4C6}.Release|x86.Build.0 = Release|Any CPU
		{2635BBDF-1331-4975-9E59-BEA62885095A}.Debug|Any CPU.ActiveCfg = Debug|Any CPU
		{2635BBDF-1331-4975-9E59-BEA62885095A}.Debug|Any CPU.Build.0 = Debug|Any CPU
		{2635BBDF-1331-4975-9E59-BEA62885095A}.Debug|x64.ActiveCfg = Debug|Any CPU
		{2635BBDF-1331-4975-9E59-BEA62885095A}.Debug|x64.Build.0 = Debug|Any CPU
		{2635BBDF-1331-4975-9E59-BEA62885095A}.Debug|x86.ActiveCfg = Debug|Any CPU
		{2635BBDF-1331-4975-9E59-BEA62885095A}.Debug|x86.Build.0 = Debug|Any CPU
		{2635BBDF-1331-4975-9E59-BEA62885095A}.Release|Any CPU.ActiveCfg = Release|Any CPU
		{2635BBDF-1331-4975-9E59-BEA62885095A}.Release|Any CPU.Build.0 = Release|Any CPU
		{2635BBDF-1331-4975-9E59-BEA62885095A}.Release|x64.ActiveCfg = Release|Any CPU
		{2635BBDF-1331-4975-9E59-BEA62885095A}.Release|x64.Build.0 = Release|Any CPU
		{2635BBDF-1331-4975-9E59-BEA62885095A}.Release|x86.ActiveCfg = Release|Any CPU
		{2635BBDF-1331-4975-9E59-BEA62885095A}.Release|x86.Build.0 = Release|Any CPU
		{EF320F1A-216F-4650-9103-B56DD7F72716}.Debug|Any CPU.ActiveCfg = Debug|Any CPU
		{EF320F1A-216F-4650-9103-B56DD7F72716}.Debug|Any CPU.Build.0 = Debug|Any CPU
		{EF320F1A-216F-4650-9103-B56DD7F72716}.Debug|x64.ActiveCfg = Debug|Any CPU
		{EF320F1A-216F-4650-9103-B56DD7F72716}.Debug|x64.Build.0 = Debug|Any CPU
		{EF320F1A-216F-4650-9103-B56DD7F72716}.Debug|x86.ActiveCfg = Debug|Any CPU
		{EF320F1A-216F-4650-9103-B56DD7F72716}.Debug|x86.Build.0 = Debug|Any CPU
		{EF320F1A-216F-4650-9103-B56DD7F72716}.Release|Any CPU.ActiveCfg = Release|Any CPU
		{EF320F1A-216F-4650-9103-B56DD7F72716}.Release|Any CPU.Build.0 = Release|Any CPU
		{EF320F1A-216F-4650-9103-B56DD7F72716}.Release|x64.ActiveCfg = Release|Any CPU
		{EF320F1A-216F-4650-9103-B56DD7F72716}.Release|x64.Build.0 = Release|Any CPU
		{EF320F1A-216F-4650-9103-B56DD7F72716}.Release|x86.ActiveCfg = Release|Any CPU
		{EF320F1A-216F-4650-9103-B56DD7F72716}.Release|x86.Build.0 = Release|Any CPU
		{FE290F73-0328-420F-BEB3-35248FA16C89}.Debug|Any CPU.ActiveCfg = Debug|Any CPU
		{FE290F73-0328-420F-BEB3-35248FA16C89}.Debug|Any CPU.Build.0 = Debug|Any CPU
		{FE290F73-0328-420F-BEB3-35248FA16C89}.Debug|x64.ActiveCfg = Debug|Any CPU
		{FE290F73-0328-420F-BEB3-35248FA16C89}.Debug|x64.Build.0 = Debug|Any CPU
		{FE290F73-0328-420F-BEB3-35248FA16C89}.Debug|x86.ActiveCfg = Debug|Any CPU
		{FE290F73-0328-420F-BEB3-35248FA16C89}.Debug|x86.Build.0 = Debug|Any CPU
		{FE290F73-0328-420F-BEB3-35248FA16C89}.Release|Any CPU.ActiveCfg = Release|Any CPU
		{FE290F73-0328-420F-BEB3-35248FA16C89}.Release|Any CPU.Build.0 = Release|Any CPU
		{FE290F73-0328-420F-BEB3-35248FA16C89}.Release|x64.ActiveCfg = Release|Any CPU
		{FE290F73-0328-420F-BEB3-35248FA16C89}.Release|x64.Build.0 = Release|Any CPU
		{FE290F73-0328-420F-BEB3-35248FA16C89}.Release|x86.ActiveCfg = Release|Any CPU
		{FE290F73-0328-420F-BEB3-35248FA16C89}.Release|x86.Build.0 = Release|Any CPU
		{4871A797-FA5C-43FD-9698-5BDB289CF14F}.Debug|Any CPU.ActiveCfg = Debug|Any CPU
		{4871A797-FA5C-43FD-9698-5BDB289CF14F}.Debug|Any CPU.Build.0 = Debug|Any CPU
		{4871A797-FA5C-43FD-9698-5BDB289CF14F}.Debug|x64.ActiveCfg = Debug|Any CPU
		{4871A797-FA5C-43FD-9698-5BDB289CF14F}.Debug|x64.Build.0 = Debug|Any CPU
		{4871A797-FA5C-43FD-9698-5BDB289CF14F}.Debug|x86.ActiveCfg = Debug|Any CPU
		{4871A797-FA5C-43FD-9698-5BDB289CF14F}.Debug|x86.Build.0 = Debug|Any CPU
		{4871A797-FA5C-43FD-9698-5BDB289CF14F}.Release|Any CPU.ActiveCfg = Release|Any CPU
		{4871A797-FA5C-43FD-9698-5BDB289CF14F}.Release|Any CPU.Build.0 = Release|Any CPU
		{4871A797-FA5C-43FD-9698-5BDB289CF14F}.Release|x64.ActiveCfg = Release|Any CPU
		{4871A797-FA5C-43FD-9698-5BDB289CF14F}.Release|x64.Build.0 = Release|Any CPU
		{4871A797-FA5C-43FD-9698-5BDB289CF14F}.Release|x86.ActiveCfg = Release|Any CPU
		{4871A797-FA5C-43FD-9698-5BDB289CF14F}.Release|x86.Build.0 = Release|Any CPU
		{4E970B7D-B686-4FD4-8444-04FF2D34E171}.Debug|Any CPU.ActiveCfg = Debug|Any CPU
		{4E970B7D-B686-4FD4-8444-04FF2D34E171}.Debug|Any CPU.Build.0 = Debug|Any CPU
		{4E970B7D-B686-4FD4-8444-04FF2D34E171}.Debug|x64.ActiveCfg = Debug|Any CPU
		{4E970B7D-B686-4FD4-8444-04FF2D34E171}.Debug|x64.Build.0 = Debug|Any CPU
		{4E970B7D-B686-4FD4-8444-04FF2D34E171}.Debug|x86.ActiveCfg = Debug|Any CPU
		{4E970B7D-B686-4FD4-8444-04FF2D34E171}.Debug|x86.Build.0 = Debug|Any CPU
		{4E970B7D-B686-4FD4-8444-04FF2D34E171}.Release|Any CPU.ActiveCfg = Release|Any CPU
		{4E970B7D-B686-4FD4-8444-04FF2D34E171}.Release|Any CPU.Build.0 = Release|Any CPU
		{4E970B7D-B686-4FD4-8444-04FF2D34E171}.Release|x64.ActiveCfg = Release|Any CPU
		{4E970B7D-B686-4FD4-8444-04FF2D34E171}.Release|x64.Build.0 = Release|Any CPU
		{4E970B7D-B686-4FD4-8444-04FF2D34E171}.Release|x86.ActiveCfg = Release|Any CPU
		{4E970B7D-B686-4FD4-8444-04FF2D34E171}.Release|x86.Build.0 = Release|Any CPU
	EndGlobalSection
	GlobalSection(SolutionProperties) = preSolution
		HideSolutionNode = FALSE
	EndGlobalSection
	GlobalSection(ExtensibilityGlobals) = postSolution
		SolutionGuid = {FB506607-7015-46D2-A983-5905B63EA6D9}
	EndGlobalSection
EndGlobal
